
Microsoft Visual Studio Solution File, Format Version 12.00
Project("{FAE04EC0-301F-11D3-BF4B-00C04F79EFBC}") = "BookingService", "BookingService\BookingService.csproj", "{0F176964-5798-47C9-8D0F-222041733F30}"
EndProject
Project("{2150E333-8FDC-42A3-9474-1A3956D46DE8}") = "Solution Items", "Solution Items", "{7481EAE1-ACFC-49D6-BD2B-B52D853A229A}"
	ProjectSection(SolutionItems) = preProject
		compose.yaml = compose.yaml
	EndProjectSection
EndProject
Project("{FAE04EC0-301F-11D3-BF4B-00C04F79EFBC}") = "BookingService.Tests", "BookingService.Tests\BookingService.Tests.csproj", "{F2B90C39-CDA5-49F5-9EF2-5207DCD70771}"
EndProject
Global
	GlobalSection(SolutionConfigurationPlatforms) = preSolution
		Debug|Any CPU = Debug|Any CPU
		Release|Any CPU = Release|Any CPU
	EndGlobalSection
	GlobalSection(ProjectConfigurationPlatforms) = postSolution
		{0F176964-5798-47C9-8D0F-222041733F30}.Debug|Any CPU.ActiveCfg = Debug|Any CPU
		{0F176964-5798-47C9-8D0F-222041733F30}.Debug|Any CPU.Build.0 = Debug|Any CPU
		{0F176964-5798-47C9-8D0F-222041733F30}.Release|Any CPU.ActiveCfg = Release|Any CPU
		{0F176964-5798-47C9-8D0F-222041733F30}.Release|Any CPU.Build.0 = Release|Any CPU
		{F2B90C39-CDA5-49F5-9EF2-5207DCD70771}.Debug|Any CPU.ActiveCfg = Debug|Any CPU
		{F2B90C39-CDA5-49F5-9EF2-5207DCD70771}.Debug|Any CPU.Build.0 = Debug|Any CPU
		{F2B90C39-CDA5-49F5-9EF2-5207DCD70771}.Release|Any CPU.ActiveCfg = Release|Any CPU
		{F2B90C39-CDA5-49F5-9EF2-5207DCD70771}.Release|Any CPU.Build.0 = Release|Any CPU
	EndGlobalSection
EndGlobal
